
Microsoft Visual Studio Solution File, Format Version 12.00
# Visual Studio Version 17
VisualStudioVersion = 17.14.36511.14
MinimumVisualStudioVersion = 10.0.40219.1
Project("{2150E333-8FDC-42A3-9474-1A3956D46DE8}") = "Task0", "Task0", "{02EA681E-C7D8-13C7-8484-4AC65E1B71E8}"
EndProject
Project("{FAE04EC0-301F-11D3-BF4B-00C04F79EFBC}") = "Tyuiu.LyapinSE.Sprint4.Task0.V7", "Tyuiu.LyapinSE.Sprint4.Task0.V7\Tyuiu.LyapinSE.Sprint4.Task0.V7.csproj", "{FACA6063-DC02-485B-8839-6432721F5019}"
EndProject
Project("{FAE04EC0-301F-11D3-BF4B-00C04F79EFBC}") = "Tyuiu.LyapinSE.Sprint4.Task0.V7.Lib", "Tyuiu.LyapinSE.Sprint4.Task0.V7.Lib\Tyuiu.LyapinSE.Sprint4.Task0.V7.Lib.csproj", "{A0BDEF3A-4B89-41F4-9B10-A47AC2698A16}"
EndProject
Project("{FAE04EC0-301F-11D3-BF4B-00C04F79EFBC}") = "Tyuiu.LyapinSE.Sprint4.Task0.V7.Test", "Tyuiu.LyapinSE.Sprint4.Task0.V7.Test\Tyuiu.LyapinSE.Sprint4.Task0.V7.Test.csproj", "{19BB8EF4-F551-4D7D-A931-D73FECD22FD9}"
EndProject
Project("{2150E333-8FDC-42A3-9474-1A3956D46DE8}") = "Task1", "Task1", "{A0C196BE-B2AD-43B6-B88C-744450926BB9}"
EndProject
Project("{FAE04EC0-301F-11D3-BF4B-00C04F79EFBC}") = "Tyuiu.LyapinSE.Sprint4.Task1.V18", "Tyuiu.LyapinSE.Sprint4.Task1.V18\Tyuiu.LyapinSE.Sprint4.Task1.V18.csproj", "{5F189A12-C65D-4C5B-91DC-F3AE398154B2}"
EndProject
Project("{FAE04EC0-301F-11D3-BF4B-00C04F79EFBC}") = "Tyuiu.LyapinSE.Sprint4.Task1.V18.Lib", "Tyuiu.LyapinSE.Sprint4.Task1.V18.Lib\Tyuiu.LyapinSE.Sprint4.Task1.V18.Lib.csproj", "{789EE262-A4A1-4145-A829-80CA520F53CF}"
EndProject
Project("{FAE04EC0-301F-11D3-BF4B-00C04F79EFBC}") = "Tyuiu.LyapinSE.Sprint4.Task1.V18.Test", "Tyuiu.LyapinSE.Sprint4.Task1.V18.Test\Tyuiu.LyapinSE.Sprint4.Task1.V18.Test.csproj", "{62FBA21A-40CA-42A9-BA92-96719AA830EE}"
EndProject
Project("{2150E333-8FDC-42A3-9474-1A3956D46DE8}") = "Task2", "Task2", "{B30BFB81-93A2-4F93-9300-7788983DBFBF}"
EndProject
Project("{FAE04EC0-301F-11D3-BF4B-00C04F79EFBC}") = "Tyuiu.LyapinSE.Sprint4.Task2.V18", "Tyuiu.LyapinSE.Sprint4.Task2.V18\Tyuiu.LyapinSE.Sprint4.Task2.V18.csproj", "{23A6B93D-6D2C-4A91-A400-E0E9C2E9C339}"
EndProject
Project("{FAE04EC0-301F-11D3-BF4B-00C04F79EFBC}") = "Tyuiu.LyapinSE.Sprint4.Task2.V18.Lib", "Tyuiu.LyapinSE.Sprint4.Task2.V18.Lib\Tyuiu.LyapinSE.Sprint4.Task2.V18.Lib.csproj", "{785B914A-42F9-4E67-A854-43D1FE65C8D4}"
EndProject
Project("{FAE04EC0-301F-11D3-BF4B-00C04F79EFBC}") = "Tyuiu.LyapinSE.Sprint4.Task2.V18.Test", "Tyuiu.LyapinSE.Sprint4.Task2.V18.Test\Tyuiu.LyapinSE.Sprint4.Task2.V18.Test.csproj", "{45C80F9D-9F8A-4922-9604-CCF6A2D6C4DE}"
EndProject
Project("{2150E333-8FDC-42A3-9474-1A3956D46DE8}") = "Task3", "Task3", "{6A135BFE-CB02-49A8-BD5B-4A40D1033E72}"
EndProject
Project("{FAE04EC0-301F-11D3-BF4B-00C04F79EFBC}") = "Tyuiu.LyapinSE.Sprint4.Task3.V8", "Tyuiu.LyapinSE.Sprint4.Task3.V8\Tyuiu.LyapinSE.Sprint4.Task3.V8.csproj", "{C0B5FC5C-9E6B-4424-948A-64B4B2B8B9AD}"
EndProject
Project("{FAE04EC0-301F-11D3-BF4B-00C04F79EFBC}") = "Tyuiu.LyapinSE.Sprint4.Task3.V8.Task", "Tyuiu.LyapinSE.Sprint4.Task3.V8.Task\Tyuiu.LyapinSE.Sprint4.Task3.V8.Task.csproj", "{86D937B5-C194-46F9-9AB8-DFB4B91B7A02}"
EndProject
Project("{FAE04EC0-301F-11D3-BF4B-00C04F79EFBC}") = "Tyuiu.LyapinSE.Sprint4.Task3.V8.Lib", "Tyuiu.LyapinSE.Sprint4.Task3.V8.Lib\Tyuiu.LyapinSE.Sprint4.Task3.V8.Lib.csproj", "{AB7B30B2-3CB3-45BD-82F4-6FD268DB07B0}"
EndProject
Global
	GlobalSection(SolutionConfigurationPlatforms) = preSolution
		Debug|Any CPU = Debug|Any CPU
		Release|Any CPU = Release|Any CPU
	EndGlobalSection
	GlobalSection(ProjectConfigurationPlatforms) = postSolution
		{FACA6063-DC02-485B-8839-6432721F5019}.Debug|Any CPU.ActiveCfg = Debug|Any CPU
		{FACA6063-DC02-485B-8839-6432721F5019}.Debug|Any CPU.Build.0 = Debug|Any CPU
		{FACA6063-DC02-485B-8839-6432721F5019}.Release|Any CPU.ActiveCfg = Release|Any CPU
		{FACA6063-DC02-485B-8839-6432721F5019}.Release|Any CPU.Build.0 = Release|Any CPU
		{A0BDEF3A-4B89-41F4-9B10-A47AC2698A16}.Debug|Any CPU.ActiveCfg = Debug|Any CPU
		{A0BDEF3A-4B89-41F4-9B10-A47AC2698A16}.Debug|Any CPU.Build.0 = Debug|Any CPU
		{A0BDEF3A-4B89-41F4-9B10-A47AC2698A16}.Release|Any CPU.ActiveCfg = Release|Any CPU
		{A0BDEF3A-4B89-41F4-9B10-A47AC2698A16}.Release|Any CPU.Build.0 = Release|Any CPU
		{19BB8EF4-F551-4D7D-A931-D73FECD22FD9}.Debug|Any CPU.ActiveCfg = Debug|Any CPU
		{19BB8EF4-F551-4D7D-A931-D73FECD22FD9}.Debug|Any CPU.Build.0 = Debug|Any CPU
		{19BB8EF4-F551-4D7D-A931-D73FECD22FD9}.Release|Any CPU.ActiveCfg = Release|Any CPU
		{19BB8EF4-F551-4D7D-A931-D73FECD22FD9}.Release|Any CPU.Build.0 = Release|Any CPU
		{5F189A12-C65D-4C5B-91DC-F3AE398154B2}.Debug|Any CPU.ActiveCfg = Debug|Any CPU
		{5F189A12-C65D-4C5B-91DC-F3AE398154B2}.Debug|Any CPU.Build.0 = Debug|Any CPU
		{5F189A12-C65D-4C5B-91DC-F3AE398154B2}.Release|Any CPU.ActiveCfg = Release|Any CPU
		{5F189A12-C65D-4C5B-91DC-F3AE398154B2}.Release|Any CPU.Build.0 = Release|Any CPU
		{789EE262-A4A1-4145-A829-80CA520F53CF}.Debug|Any CPU.ActiveCfg = Debug|Any CPU
		{789EE262-A4A1-4145-A829-80CA520F53CF}.Debug|Any CPU.Build.0 = Debug|Any CPU
		{789EE262-A4A1-4145-A829-80CA520F53CF}.Release|Any CPU.ActiveCfg = Release|Any CPU
		{789EE262-A4A1-4145-A829-80CA520F53CF}.Release|Any CPU.Build.0 = Release|Any CPU
		{62FBA21A-40CA-42A9-BA92-96719AA830EE}.Debug|Any CPU.ActiveCfg = Debug|Any CPU
		{62FBA21A-40CA-42A9-BA92-96719AA830EE}.Debug|Any CPU.Build.0 = Debug|Any CPU
		{62FBA21A-40CA-42A9-BA92-96719AA830EE}.Release|Any CPU.ActiveCfg = Release|Any CPU
		{62FBA21A-40CA-42A9-BA92-96719AA830EE}.Release|Any CPU.Build.0 = Release|Any CPU
		{23A6B93D-6D2C-4A91-A400-E0E9C2E9C339}.Debug|Any CPU.ActiveCfg = Debug|Any CPU
		{23A6B93D-6D2C-4A91-A400-E0E9C2E9C339}.Debug|Any CPU.Build.0 = Debug|Any CPU
		{23A6B93D-6D2C-4A91-A400-E0E9C2E9C339}.Release|Any CPU.ActiveCfg = Release|Any CPU
		{23A6B93D-6D2C-4A91-A400-E0E9C2E9C339}.Release|Any CPU.Build.0 = Release|Any CPU
		{785B914A-42F9-4E67-A854-43D1FE65C8D4}.Debug|Any CPU.ActiveCfg = Debug|Any CPU
		{785B914A-42F9-4E67-A854-43D1FE65C8D4}.Debug|Any CPU.Build.0 = Debug|Any CPU
		{785B914A-42F9-4E67-A854-43D1FE65C8D4}.Release|Any CPU.ActiveCfg = Release|Any CPU
		{785B914A-42F9-4E67-A854-43D1FE65C8D4}.Release|Any CPU.Build.0 = Release|Any CPU
		{45C80F9D-9F8A-4922-9604-CCF6A2D6C4DE}.Debug|Any CPU.ActiveCfg = Debug|Any CPU
		{45C80F9D-9F8A-4922-9604-CCF6A2D6C4DE}.Debug|Any CPU.Build.0 = Debug|Any CPU
		{45C80F9D-9F8A-4922-9604-CCF6A2D6C4DE}.Release|Any CPU.ActiveCfg = Release|Any CPU
		{45C80F9D-9F8A-4922-9604-CCF6A2D6C4DE}.Release|Any CPU.Build.0 = Release|Any CPU
		{C0B5FC5C-9E6B-4424-948A-64B4B2B8B9AD}.Debug|Any CPU.ActiveCfg = Debug|Any CPU
		{C0B5FC5C-9E6B-4424-948A-64B4B2B8B9AD}.Debug|Any CPU.Build.0 = Debug|Any CPU
		{C0B5FC5C-9E6B-4424-948A-64B4B2B8B9AD}.Release|Any CPU.ActiveCfg = Release|Any CPU
		{C0B5FC5C-9E6B-4424-948A-64B4B2B8B9AD}.Release|Any CPU.Build.0 = Release|Any CPU
		{86D937B5-C194-46F9-9AB8-DFB4B91B7A02}.Debug|Any CPU.ActiveCfg = Debug|Any CPU
		{86D937B5-C194-46F9-9AB8-DFB4B91B7A02}.Debug|Any CPU.Build.0 = Debug|Any CPU
		{86D937B5-C194-46F9-9AB8-DFB4B91B7A02}.Release|Any CPU.ActiveCfg = Release|Any CPU
		{86D937B5-C194-46F9-9AB8-DFB4B91B7A02}.Release|Any CPU.Build.0 = Release|Any CPU
		{AB7B30B2-3CB3-45BD-82F4-6FD268DB07B0}.Debug|Any CPU.ActiveCfg = Debug|Any CPU
		{AB7B30B2-3CB3-45BD-82F4-6FD268DB07B0}.Debug|Any CPU.Build.0 = Debug|Any CPU
		{AB7B30B2-3CB3-45BD-82F4-6FD268DB07B0}.Release|Any CPU.ActiveCfg = Release|Any CPU
		{AB7B30B2-3CB3-45BD-82F4-6FD268DB07B0}.Release|Any CPU.Build.0 = Release|Any CPU
	EndGlobalSection
	GlobalSection(SolutionProperties) = preSolution
		HideSolutionNode = FALSE
	EndGlobalSection
	GlobalSection(NestedProjects) = preSolution
		{FACA6063-DC02-485B-8839-6432721F5019} = {02EA681E-C7D8-13C7-8484-4AC65E1B71E8}
		{A0BDEF3A-4B89-41F4-9B10-A47AC2698A16} = {02EA681E-C7D8-13C7-8484-4AC65E1B71E8}
		{19BB8EF4-F551-4D7D-A931-D73FECD22FD9} = {02EA681E-C7D8-13C7-8484-4AC65E1B71E8}
		{5F189A12-C65D-4C5B-91DC-F3AE398154B2} = {A0C196BE-B2AD-43B6-B88C-744450926BB9}
		{789EE262-A4A1-4145-A829-80CA520F53CF} = {A0C196BE-B2AD-43B6-B88C-744450926BB9}
		{62FBA21A-40CA-42A9-BA92-96719AA830EE} = {A0C196BE-B2AD-43B6-B88C-744450926BB9}
		{23A6B93D-6D2C-4A91-A400-E0E9C2E9C339} = {B30BFB81-93A2-4F93-9300-7788983DBFBF}
		{785B914A-42F9-4E67-A854-43D1FE65C8D4} = {B30BFB81-93A2-4F93-9300-7788983DBFBF}
		{45C80F9D-9F8A-4922-9604-CCF6A2D6C4DE} = {B30BFB81-93A2-4F93-9300-7788983DBFBF}
		{C0B5FC5C-9E6B-4424-948A-64B4B2B8B9AD} = {6A135BFE-CB02-49A8-BD5B-4A40D1033E72}
		{86D937B5-C194-46F9-9AB8-DFB4B91B7A02} = {6A135BFE-CB02-49A8-BD5B-4A40D1033E72}
		{AB7B30B2-3CB3-45BD-82F4-6FD268DB07B0} = {6A135BFE-CB02-49A8-BD5B-4A40D1033E72}
	EndGlobalSection
	GlobalSection(ExtensibilityGlobals) = postSolution
		SolutionGuid = {A67B9CA4-42A9-48D9-BA40-52CAF4537279}
	EndGlobalSection
EndGlobal
